
Microsoft Visual Studio Solution File, Format Version 12.00
# Visual Studio 2012
Project("{FAE04EC0-301F-11D3-BF4B-00C04F79EFBC}") = "MvcApplication1", "MvcApplication1\MvcApplication1.csproj", "{43EA74D8-C822-4723-8DBE-75CFAFEF1A9F}"
EndProject
Project("{FAE04EC0-301F-11D3-BF4B-00C04F79EFBC}") = "MvcApplication1.Tests", "MvcApplication1.Tests\MvcApplication1.Tests.csproj", "{307BFF14-7E5F-4491-8603-F0FE71B5A848}"
EndProject
Global
	GlobalSection(SolutionConfigurationPlatforms) = preSolution
		Debug|Any CPU = Debug|Any CPU
		Release|Any CPU = Release|Any CPU
	EndGlobalSection
	GlobalSection(ProjectConfigurationPlatforms) = postSolution
		{43EA74D8-C822-4723-8DBE-75CFAFEF1A9F}.Debug|Any CPU.ActiveCfg = Debug|Any CPU
		{43EA74D8-C822-4723-8DBE-75CFAFEF1A9F}.Debug|Any CPU.Build.0 = Debug|Any CPU
		{43EA74D8-C822-4723-8DBE-75CFAFEF1A9F}.Release|Any CPU.ActiveCfg = Release|Any CPU
		{43EA74D8-C822-4723-8DBE-75CFAFEF1A9F}.Release|Any CPU.Build.0 = Release|Any CPU
		{307BFF14-7E5F-4491-8603-F0FE71B5A848}.Debug|Any CPU.ActiveCfg = Debug|Any CPU
		{307BFF14-7E5F-4491-8603-F0FE71B5A848}.Debug|Any CPU.Build.0 = Debug|Any CPU
		{307BFF14-7E5F-4491-8603-F0FE71B5A848}.Release|Any CPU.ActiveCfg = Release|Any CPU
		{307BFF14-7E5F-4491-8603-F0FE71B5A848}.Release|Any CPU.Build.0 = Release|Any CPU
	EndGlobalSection
	GlobalSection(SolutionProperties) = preSolution
		HideSolutionNode = FALSE
	EndGlobalSection
EndGlobal
